<?xml version="1.0" encoding="utf-8"?>
<Project ToolsVersion="4.0" xmlns="http://schemas.microsoft.com/developer/msbuild/2003">
  <ItemGroup>
    <Filter Include="Source Files">
      <UniqueIdentifier>{4FC737F1-C7A5-4376-A066-2A32D752A2FF}</UniqueIdentifier>
      <Extensions>cpp;c;cc;cxx;def;odl;idl;hpj;bat;asm;asmx</Extensions>
    </Filter>
    <Filter Include="Header Files">
      <UniqueIdentifier>{93995380-89BD-4b04-88EB-625FBE52EBFB}</UniqueIdentifier>
      <Extensions>h;hh;hpp;hxx;hm;inl;inc;xsd</Extensions>
    </Filter>
    <Filter Include="Resource Files">
      <UniqueIdentifier>{67DA6AB6-F800-4c08-8B7A-83BB121AAD01}</UniqueIdentifier>
      <Extensions>rc;ico;cur;bmp;dlg;rc2;rct;bin;rgs;gif;jpg;jpeg;jpe;resx;tiff;tif;png;wav;mfcribbon-ms</Extensions>
    </Filter>
  </ItemGroup>
  <ItemGroup>
    <ClCompile Include="..\setsignal.c">
      <Filter>Source Files</Filter>
    </ClCompile>
    <ClCompile Include="..\tcpdump.c">
      <Filter>Source Files</Filter>
    </ClCompile>
    <ClCompile Include="version.c">
      <Filter>Source Files</Filter>
    </ClCompile>
    <ClCompile Include="..\addrtoname.c">
      <Filter>Source Files</Filter>
    </ClCompile>
    <ClCompile Include="..\addrtostr.c">
      <Filter>Source Files</Filter>
    </ClCompile>
    <ClCompile Include="..\af.c">
      <Filter>Source Files</Filter>
    </ClCompile>
    <ClCompile Include="..\ascii_strcasecmp.c">
      <Filter>Source Files</Filter>
    </ClCompile>
    <ClCompile Include="..\checksum.c">
      <Filter>Source Files</Filter>
    </ClCompile>
    <ClCompile Include="..\cpack.c">
      <Filter>Source Files</Filter>
    </ClCompile>
    <ClCompile Include="..\gmpls.c">
      <Filter>Source Files</Filter>
    </ClCompile>
    <ClCompile Include="..\gmt2local.c">
      <Filter>Source Files</Filter>
    </ClCompile>
    <ClCompile Include="..\in_cksum.c">
      <Filter>Source Files</Filter>
    </ClCompile>
    <ClCompile Include="..\ipproto.c">
      <Filter>Source Files</Filter>
    </ClCompile>
    <ClCompile Include="..\l2vpn.c">
      <Filter>Source Files</Filter>
    </ClCompile>
    <ClCompile Include="..\machdep.c">
      <Filter>Source Files</Filter>
    </ClCompile>
    <ClCompile Include="..\nlpid.c">
      <Filter>Source Files</Filter>
    </ClCompile>
    <ClCompile Include="..\oui.c">
      <Filter>Source Files</Filter>
    </ClCompile>
    <ClCompile Include="..\parsenfsfh.c">
      <Filter>Source Files</Filter>
    </ClCompile>
    <ClCompile Include="..\print.c">
      <Filter>Source Files</Filter>
    </ClCompile>
    <ClCompile Include="..\print-802_11.c">
      <Filter>Source Files</Filter>
    </ClCompile>
    <ClCompile Include="..\print-802_15_4.c">
      <Filter>Source Files</Filter>
    </ClCompile>
    <ClCompile Include="..\print-ah.c">
      <Filter>Source Files</Filter>
    </ClCompile>
    <ClCompile Include="..\print-ahcp.c">
      <Filter>Source Files</Filter>
    </ClCompile>
    <ClCompile Include="..\print-aodv.c">
      <Filter>Source Files</Filter>
    </ClCompile>
    <ClCompile Include="..\print-aoe.c">
      <Filter>Source Files</Filter>
    </ClCompile>
    <ClCompile Include="..\print-ap1394.c">
      <Filter>Source Files</Filter>
    </ClCompile>
    <ClCompile Include="..\print-arcnet.c">
      <Filter>Source Files</Filter>
    </ClCompile>
    <ClCompile Include="..\print-arp.c">
      <Filter>Source Files</Filter>
    </ClCompile>
    <ClCompile Include="..\print-ascii.c">
      <Filter>Source Files</Filter>
    </ClCompile>
    <ClCompile Include="..\print-atalk.c">
      <Filter>Source Files</Filter>
    </ClCompile>
    <ClCompile Include="..\print-atm.c">
      <Filter>Source Files</Filter>
    </ClCompile>
    <ClCompile Include="..\print-babel.c">
      <Filter>Source Files</Filter>
    </ClCompile>
    <ClCompile Include="..\print-beep.c">
      <Filter>Source Files</Filter>
    </ClCompile>
    <ClCompile Include="..\print-bfd.c">
      <Filter>Source Files</Filter>
    </ClCompile>
    <ClCompile Include="..\print-bgp.c">
      <Filter>Source Files</Filter>
    </ClCompile>
    <ClCompile Include="..\print-bootp.c">
      <Filter>Source Files</Filter>
    </ClCompile>
    <ClCompile Include="..\print-bt.c">
      <Filter>Source Files</Filter>
    </ClCompile>
    <ClCompile Include="..\print-calm-fast.c">
      <Filter>Source Files</Filter>
    </ClCompile>
    <ClCompile Include="..\print-carp.c">
      <Filter>Source Files</Filter>
    </ClCompile>
    <ClCompile Include="..\print-cdp.c">
      <Filter>Source Files</Filter>
    </ClCompile>
    <ClCompile Include="..\print-cfm.c">
      <Filter>Source Files</Filter>
    </ClCompile>
    <ClCompile Include="..\print-chdlc.c">
      <Filter>Source Files</Filter>
    </ClCompile>
    <ClCompile Include="..\print-cip.c">
      <Filter>Source Files</Filter>
    </ClCompile>
    <ClCompile Include="..\print-cnfp.c">
      <Filter>Source Files</Filter>
    </ClCompile>
    <ClCompile Include="..\print-dccp.c">
      <Filter>Source Files</Filter>
    </ClCompile>
    <ClCompile Include="..\print-decnet.c">
      <Filter>Source Files</Filter>
    </ClCompile>
    <ClCompile Include="..\print-dhcp6.c">
      <Filter>Source Files</Filter>
    </ClCompile>
    <ClCompile Include="..\print-domain.c">
      <Filter>Source Files</Filter>
    </ClCompile>
    <ClCompile Include="..\print-dtp.c">
      <Filter>Source Files</Filter>
    </ClCompile>
    <ClCompile Include="..\print-dvmrp.c">
      <Filter>Source Files</Filter>
    </ClCompile>
    <ClCompile Include="..\print-eap.c">
      <Filter>Source Files</Filter>
    </ClCompile>
    <ClCompile Include="..\print-egp.c">
      <Filter>Source Files</Filter>
    </ClCompile>
    <ClCompile Include="..\print-eigrp.c">
      <Filter>Source Files</Filter>
    </ClCompile>
    <ClCompile Include="..\print-enc.c">
      <Filter>Source Files</Filter>
    </ClCompile>
    <ClCompile Include="..\print-esp.c">
      <Filter>Source Files</Filter>
    </ClCompile>
    <ClCompile Include="..\print-ether.c">
      <Filter>Source Files</Filter>
    </ClCompile>
    <ClCompile Include="..\print-fddi.c">
      <Filter>Source Files</Filter>
    </ClCompile>
    <ClCompile Include="..\print-forces.c">
      <Filter>Source Files</Filter>
    </ClCompile>
    <ClCompile Include="..\print-fr.c">
      <Filter>Source Files</Filter>
    </ClCompile>
    <ClCompile Include="..\print-frag6.c">
      <Filter>Source Files</Filter>
    </ClCompile>
    <ClCompile Include="..\print-ftp.c">
      <Filter>Source Files</Filter>
    </ClCompile>
    <ClCompile Include="..\print-geneve.c">
      <Filter>Source Files</Filter>
    </ClCompile>
    <ClCompile Include="..\print-geonet.c">
      <Filter>Source Files</Filter>
    </ClCompile>
    <ClCompile Include="..\print-gre.c">
      <Filter>Source Files</Filter>
    </ClCompile>
    <ClCompile Include="..\print-hncp.c">
      <Filter>Source Files</Filter>
    </ClCompile>
    <ClCompile Include="..\print-hsrp.c">
      <Filter>Source Files</Filter>
    </ClCompile>
    <ClCompile Include="..\print-http.c">
      <Filter>Source Files</Filter>
    </ClCompile>
    <ClCompile Include="..\print-icmp.c">
      <Filter>Source Files</Filter>
    </ClCompile>
    <ClCompile Include="..\print-icmp6.c">
      <Filter>Source Files</Filter>
    </ClCompile>
    <ClCompile Include="..\print-igmp.c">
      <Filter>Source Files</Filter>
    </ClCompile>
    <ClCompile Include="..\print-igrp.c">
      <Filter>Source Files</Filter>
    </ClCompile>
    <ClCompile Include="..\print-ip.c">
      <Filter>Source Files</Filter>
    </ClCompile>
    <ClCompile Include="..\print-ip6.c">
      <Filter>Source Files</Filter>
    </ClCompile>
    <ClCompile Include="..\print-ip6opts.c">
      <Filter>Source Files</Filter>
    </ClCompile>
    <ClCompile Include="..\print-ipcomp.c">
      <Filter>Source Files</Filter>
    </ClCompile>
    <ClCompile Include="..\print-ipfc.c">
      <Filter>Source Files</Filter>
    </ClCompile>
    <ClCompile Include="..\print-ipnet.c">
      <Filter>Source Files</Filter>
    </ClCompile>
    <ClCompile Include="..\print-ipx.c">
      <Filter>Source Files</Filter>
    </ClCompile>
    <ClCompile Include="..\print-isakmp.c">
      <Filter>Source Files</Filter>
    </ClCompile>
    <ClCompile Include="..\print-isoclns.c">
      <Filter>Source Files</Filter>
    </ClCompile>
    <ClCompile Include="..\print-juniper.c">
      <Filter>Source Files</Filter>
    </ClCompile>
    <ClCompile Include="..\print-krb.c">
      <Filter>Source Files</Filter>
    </ClCompile>
    <ClCompile Include="..\print-l2tp.c">
      <Filter>Source Files</Filter>
    </ClCompile>
    <ClCompile Include="..\print-lane.c">
      <Filter>Source Files</Filter>
    </ClCompile>
    <ClCompile Include="..\print-ldp.c">
      <Filter>Source Files</Filter>
    </ClCompile>
    <ClCompile Include="..\print-lisp.c">
      <Filter>Source Files</Filter>
    </ClCompile>
    <ClCompile Include="..\print-llc.c">
      <Filter>Source Files</Filter>
    </ClCompile>
    <ClCompile Include="..\print-lldp.c">
      <Filter>Source Files</Filter>
    </ClCompile>
    <ClCompile Include="..\print-lmp.c">
      <Filter>Source Files</Filter>
    </ClCompile>
    <ClCompile Include="..\print-loopback.c">
      <Filter>Source Files</Filter>
    </ClCompile>
    <ClCompile Include="..\print-lspping.c">
      <Filter>Source Files</Filter>
    </ClCompile>
    <ClCompile Include="..\print-lwapp.c">
      <Filter>Source Files</Filter>
    </ClCompile>
    <ClCompile Include="..\print-lwres.c">
      <Filter>Source Files</Filter>
    </ClCompile>
    <ClCompile Include="..\print-m3ua.c">
      <Filter>Source Files</Filter>
    </ClCompile>
    <ClCompile Include="..\print-medsa.c">
      <Filter>Source Files</Filter>
    </ClCompile>
    <ClCompile Include="..\print-mobile.c">
      <Filter>Source Files</Filter>
    </ClCompile>
    <ClCompile Include="..\print-mobility.c">
      <Filter>Source Files</Filter>
    </ClCompile>
    <ClCompile Include="..\print-mpcp.c">
      <Filter>Source Files</Filter>
    </ClCompile>
    <ClCompile Include="..\print-mpls.c">
      <Filter>Source Files</Filter>
    </ClCompile>
    <ClCompile Include="..\print-mptcp.c">
      <Filter>Source Files</Filter>
    </ClCompile>
    <ClCompile Include="..\print-msdp.c">
      <Filter>Source Files</Filter>
    </ClCompile>
    <ClCompile Include="..\print-msnlb.c">
      <Filter>Source Files</Filter>
    </ClCompile>
    <ClCompile Include="..\print-nflog.c">
      <Filter>Source Files</Filter>
    </ClCompile>
    <ClCompile Include="..\print-nfs.c">
      <Filter>Source Files</Filter>
    </ClCompile>
    <ClCompile Include="..\print-nsh.c">
      <Filter>Source Files</Filter>
    </ClCompile>
    <ClCompile Include="..\print-ntp.c">
      <Filter>Source Files</Filter>
    </ClCompile>
    <ClCompile Include="..\print-null.c">
      <Filter>Source Files</Filter>
    </ClCompile>
    <ClCompile Include="..\print-olsr.c">
      <Filter>Source Files</Filter>
    </ClCompile>
    <ClCompile Include="..\print-openflow-1.0.c">
      <Filter>Source Files</Filter>
    </ClCompile>
    <ClCompile Include="..\print-openflow.c">
      <Filter>Source Files</Filter>
    </ClCompile>
    <ClCompile Include="..\print-ospf.c">
      <Filter>Source Files</Filter>
    </ClCompile>
    <ClCompile Include="..\print-ospf6.c">
      <Filter>Source Files</Filter>
    </ClCompile>
    <ClCompile Include="..\print-otv.c">
      <Filter>Source Files</Filter>
    </ClCompile>
    <ClCompile Include="..\print-pgm.c">
      <Filter>Source Files</Filter>
    </ClCompile>
    <ClCompile Include="..\print-pim.c">
      <Filter>Source Files</Filter>
    </ClCompile>
    <ClCompile Include="..\print-pktap.c">
      <Filter>Source Files</Filter>
    </ClCompile>
    <ClCompile Include="..\print-ppi.c">
      <Filter>Source Files</Filter>
    </ClCompile>
    <ClCompile Include="..\print-ppp.c">
      <Filter>Source Files</Filter>
    </ClCompile>
    <ClCompile Include="..\print-pppoe.c">
      <Filter>Source Files</Filter>
    </ClCompile>
    <ClCompile Include="..\print-pptp.c">
      <Filter>Source Files</Filter>
    </ClCompile>
    <ClCompile Include="..\print-radius.c">
      <Filter>Source Files</Filter>
    </ClCompile>
    <ClCompile Include="..\print-raw.c">
      <Filter>Source Files</Filter>
    </ClCompile>
    <ClCompile Include="..\print-resp.c">
      <Filter>Source Files</Filter>
    </ClCompile>
    <ClCompile Include="..\print-rip.c">
      <Filter>Source Files</Filter>
    </ClCompile>
    <ClCompile Include="..\print-ripng.c">
      <Filter>Source Files</Filter>
    </ClCompile>
    <ClCompile Include="..\print-rpki-rtr.c">
      <Filter>Source Files</Filter>
    </ClCompile>
    <ClCompile Include="..\print-rrcp.c">
      <Filter>Source Files</Filter>
    </ClCompile>
    <ClCompile Include="..\print-rsvp.c">
      <Filter>Source Files</Filter>
    </ClCompile>
    <ClCompile Include="..\print-rt6.c">
      <Filter>Source Files</Filter>
    </ClCompile>
    <ClCompile Include="..\print-rtsp.c">
      <Filter>Source Files</Filter>
    </ClCompile>
    <ClCompile Include="..\print-rx.c">
      <Filter>Source Files</Filter>
    </ClCompile>
    <ClCompile Include="..\print-sctp.c">
      <Filter>Source Files</Filter>
    </ClCompile>
    <ClCompile Include="..\print-sflow.c">
      <Filter>Source Files</Filter>
    </ClCompile>
    <ClCompile Include="..\print-sip.c">
      <Filter>Source Files</Filter>
    </ClCompile>
    <ClCompile Include="..\print-sl.c">
      <Filter>Source Files</Filter>
    </ClCompile>
    <ClCompile Include="..\print-sll.c">
      <Filter>Source Files</Filter>
    </ClCompile>
    <ClCompile Include="..\print-slow.c">
      <Filter>Source Files</Filter>
    </ClCompile>
    <ClCompile Include="..\print-smtp.c">
      <Filter>Source Files</Filter>
    </ClCompile>
    <ClCompile Include="..\print-snmp.c">
      <Filter>Source Files</Filter>
    </ClCompile>
    <ClCompile Include="..\print-stp.c">
      <Filter>Source Files</Filter>
    </ClCompile>
    <ClCompile Include="..\print-sunatm.c">
      <Filter>Source Files</Filter>
    </ClCompile>
    <ClCompile Include="..\print-sunrpc.c">
      <Filter>Source Files</Filter>
    </ClCompile>
    <ClCompile Include="..\print-symantec.c">
      <Filter>Source Files</Filter>
    </ClCompile>
    <ClCompile Include="..\print-syslog.c">
      <Filter>Source Files</Filter>
    </ClCompile>
    <ClCompile Include="..\print-tcp.c">
      <Filter>Source Files</Filter>
    </ClCompile>
    <ClCompile Include="..\print-telnet.c">
      <Filter>Source Files</Filter>
    </ClCompile>
    <ClCompile Include="..\print-tftp.c">
      <Filter>Source Files</Filter>
    </ClCompile>
    <ClCompile Include="..\print-timed.c">
      <Filter>Source Files</Filter>
    </ClCompile>
    <ClCompile Include="..\print-tipc.c">
      <Filter>Source Files</Filter>
    </ClCompile>
    <ClCompile Include="..\print-token.c">
      <Filter>Source Files</Filter>
    </ClCompile>
    <ClCompile Include="..\print-udld.c">
      <Filter>Source Files</Filter>
    </ClCompile>
    <ClCompile Include="..\print-udp.c">
      <Filter>Source Files</Filter>
    </ClCompile>
    <ClCompile Include="..\print-usb.c">
      <Filter>Source Files</Filter>
    </ClCompile>
    <ClCompile Include="..\print-vjc.c">
      <Filter>Source Files</Filter>
    </ClCompile>
    <ClCompile Include="..\print-vqp.c">
      <Filter>Source Files</Filter>
    </ClCompile>
    <ClCompile Include="..\print-vrrp.c">
      <Filter>Source Files</Filter>
    </ClCompile>
    <ClCompile Include="..\print-vtp.c">
      <Filter>Source Files</Filter>
    </ClCompile>
    <ClCompile Include="..\print-vxlan.c">
      <Filter>Source Files</Filter>
    </ClCompile>
    <ClCompile Include="..\print-vxlan-gpe.c">
      <Filter>Source Files</Filter>
    </ClCompile>
    <ClCompile Include="..\print-wb.c">
      <Filter>Source Files</Filter>
    </ClCompile>
    <ClCompile Include="..\print-zephyr.c">
      <Filter>Source Files</Filter>
    </ClCompile>
    <ClCompile Include="..\print-zeromq.c">
      <Filter>Source Files</Filter>
    </ClCompile>
    <ClCompile Include="..\netdissect.c">
      <Filter>Source Files</Filter>
    </ClCompile>
    <ClCompile Include="..\signature.c">
      <Filter>Source Files</Filter>
    </ClCompile>
    <ClCompile Include="..\strtoaddr.c">
      <Filter>Source Files</Filter>
    </ClCompile>
    <ClCompile Include="..\util-print.c">
      <Filter>Source Files</Filter>
    </ClCompile>
    <ClCompile Include="..\print-smb.c">
      <Filter>Source Files</Filter>
    </ClCompile>
    <ClCompile Include="..\smbutil.c">
      <Filter>Source Files</Filter>
    </ClCompile>
    <ClCompile Include="..\missing\strlcat.c">
      <Filter>Source Files</Filter>
    </ClCompile>
    <ClCompile Include="..\missing\strlcpy.c">
      <Filter>Source Files</Filter>
    </ClCompile>
    <ClCompile Include="..\missing\strsep.c">
      <Filter>Source Files</Filter>
    </ClCompile>
    <ClCompile Include="..\missing\getopt_long.c">
      <Filter>Source Files</Filter>
    </ClCompile>
  </ItemGroup>
  <ItemGroup>
    <ClInclude Include="..\setsignal.h">
      <Filter>Header Files</Filter>
    </ClInclude>
    <ClInclude Include="..\addrtoname.h">
      <Filter>Header Files</Filter>
    </ClInclude>
    <ClInclude Include="..\udp.h">
      <Filter>Header Files</Filter>
    </ClInclude>
    <ClInclude Include="..\addrtostr.h">
      <Filter>Header Files</Filter>
    </ClInclude>
    <ClInclude Include="..\af.h">
      <Filter>Header Files</Filter>
    </ClInclude>
    <ClInclude Include="..\ah.h">
      <Filter>Header Files</Filter>
    </ClInclude>
    <ClInclude Include="..\appletalk.h">
      <Filter>Header Files</Filter>
    </ClInclude>
    <ClInclude Include="..\ascii_strcasecmp.h">
      <Filter>Header Files</Filter>
    </ClInclude>
    <ClInclude Include="..\atm.h">
      <Filter>Header Files</Filter>
    </ClInclude>
    <ClInclude Include="..\chdlc.h">
      <Filter>Header Files</Filter>
    </ClInclude>
    <ClInclude Include="..\cpack.h">
      <Filter>Header Files</Filter>
    </ClInclude>
    <ClInclude Include="..\ether.h">
      <Filter>Header Files</Filter>
    </ClInclude>
    <ClInclude Include="..\ethertype.h">
      <Filter>Header Files</Filter>
    </ClInclude>
    <ClInclude Include="..\extract.h">
      <Filter>Header Files</Filter>
    </ClInclude>
    <ClInclude Include="..\funcattrs.h">
      <Filter>Header Files</Filter>
    </ClInclude>
    <ClInclude Include="..\getopt_long.h">
      <Filter>Header Files</Filter>
    </ClInclude>
    <ClInclude Include="..\gmpls.h">
      <Filter>Header Files</Filter>
    </ClInclude>
    <ClInclude Include="..\gmt2local.h">
      <Filter>Header Files</Filter>
    </ClInclude>
    <ClInclude Include="..\interface.h">
      <Filter>Header Files</Filter>
    </ClInclude>
    <ClInclude Include="..\ip.h">
      <Filter>Header Files</Filter>
    </ClInclude>
    <ClInclude Include="..\ip6.h">
      <Filter>Header Files</Filter>
    </ClInclude>
    <ClInclude Include="..\ipproto.h">
      <Filter>Header Files</Filter>
    </ClInclude>
    <ClInclude Include="..\l2vpn.h">
      <Filter>Header Files</Filter>
    </ClInclude>
    <ClInclude Include="..\llc.h">
      <Filter>Header Files</Filter>
    </ClInclude>
    <ClInclude Include="..\machdep.h">
      <Filter>Header Files</Filter>
    </ClInclude>
    <ClInclude Include="..\mib.h">
      <Filter>Header Files</Filter>
    </ClInclude>
    <ClInclude Include="..\mpls.h">
      <Filter>Header Files</Filter>
    </ClInclude>
    <ClInclude Include="..\nameser.h">
      <Filter>Header Files</Filter>
    </ClInclude>
    <ClInclude Include="..\netdissect.h">
      <Filter>Header Files</Filter>
    </ClInclude>
    <ClInclude Include="..\netdissect-stdinc.h">
      <Filter>Header Files</Filter>
    </ClInclude>
    <ClInclude Include="..\nfs.h">
      <Filter>Header Files</Filter>
    </ClInclude>
    <ClInclude Include="..\nfsfh.h">
      <Filter>Header Files</Filter>
    </ClInclude>
    <ClInclude Include="..\nlpid.h">
      <Filter>Header Files</Filter>
    </ClInclude>
    <ClInclude Include="..\openflow.h">
      <Filter>Header Files</Filter>
    </ClInclude>
    <ClInclude Include="..\ospf.h">
      <Filter>Header Files</Filter>
    </ClInclude>
    <ClInclude Include="..\oui.h">
      <Filter>Header Files</Filter>
    </ClInclude>
    <ClInclude Include="..\pcap-missing.h">
      <Filter>Header Files</Filter>
    </ClInclude>
    <ClInclude Include="..\ppp.h">
      <Filter>Header Files</Filter>
    </ClInclude>
    <ClInclude Include="..\print.h">
      <Filter>Header Files</Filter>
    </ClInclude>
    <ClInclude Include="..\rpc_auth.h">
      <Filter>Header Files</Filter>
    </ClInclude>
    <ClInclude Include="..\rpc_msg.h">
      <Filter>Header Files</Filter>
    </ClInclude>
    <ClInclude Include="..\rpl.h">
      <Filter>Header Files</Filter>
    </ClInclude>
    <ClInclude Include="..\signature.h">
      <Filter>Header Files</Filter>
    </ClInclude>
    <ClInclude Include="..\slcompress.h">
      <Filter>Header Files</Filter>
    </ClInclude>
    <ClInclude Include="..\smb.h">
      <Filter>Header Files</Filter>
    </ClInclude>
    <ClInclude Include="..\strtoaddr.h">
      <Filter>Header Files</Filter>
    </ClInclude>
    <ClInclude Include="..\tcp.h">
      <Filter>Header Files</Filter>
    </ClInclude>
    <ClInclude Include="..\timeval-operations.h">
      <Filter>Header Files</Filter>
    </ClInclude>
  </ItemGroup>
  <ItemGroup>
    <ResourceCompile Include="tcpdump.rc">
      <Filter>Resource Files</Filter>
    </ResourceCompile>
  </ItemGroup>
</Project>